// !$*UTF8*$!
{
	archiveVersion = 1;
	classes = {
	};
	objectVersion = 50;
	objects = {

/* Begin PBXBuildFile section */
		BA37388C23CBAFE100ABB8AD /* AppDelegate.swift in Sources */ = {isa = PBXBuildFile; fileRef = BA37388B23CBAFE100ABB8AD /* AppDelegate.swift */; };
		BA37388E23CBAFE100ABB8AD /* SceneDelegate.swift in Sources */ = {isa = PBXBuildFile; fileRef = BA37388D23CBAFE100ABB8AD /* SceneDelegate.swift */; };
		BA37389023CBAFE100ABB8AD /* LoginViewController.swift in Sources */ = {isa = PBXBuildFile; fileRef = BA37388F23CBAFE100ABB8AD /* LoginViewController.swift */; };
		BA37389323CBAFE100ABB8AD /* Main.storyboard in Resources */ = {isa = PBXBuildFile; fileRef = BA37389123CBAFE100ABB8AD /* Main.storyboard */; };
		BA37389523CBAFE200ABB8AD /* Assets.xcassets in Resources */ = {isa = PBXBuildFile; fileRef = BA37389423CBAFE200ABB8AD /* Assets.xcassets */; };
		BA37389823CBAFE200ABB8AD /* LaunchScreen.storyboard in Resources */ = {isa = PBXBuildFile; fileRef = BA37389623CBAFE200ABB8AD /* LaunchScreen.storyboard */; };
		BA3738A923CBB59B00ABB8AD /* OTMClient.swift in Sources */ = {isa = PBXBuildFile; fileRef = BA3738A823CBB59B00ABB8AD /* OTMClient.swift */; };
		BA3738AB23CD4BA700ABB8AD /* MapViewController.swift in Sources */ = {isa = PBXBuildFile; fileRef = BA3738AA23CD4BA700ABB8AD /* MapViewController.swift */; };
		BA3738AD23CD4BD600ABB8AD /* ListViewController.swift in Sources */ = {isa = PBXBuildFile; fileRef = BA3738AC23CD4BD600ABB8AD /* ListViewController.swift */; };
		BA4942A323CE8F5600C0F5E9 /* StudentLocation.swift in Sources */ = {isa = PBXBuildFile; fileRef = BA4942A223CE8F5600C0F5E9 /* StudentLocation.swift */; };
		BA4942A523CF589600C0F5E9 /* StudentModel.swift in Sources */ = {isa = PBXBuildFile; fileRef = BA4942A423CF589600C0F5E9 /* StudentModel.swift */; };
		BA4942A723D52E8D00C0F5E9 /* LoginRequest.swift in Sources */ = {isa = PBXBuildFile; fileRef = BA4942A623D52E8D00C0F5E9 /* LoginRequest.swift */; };
		BA4942A923D6466F00C0F5E9 /* DropPinController.swift in Sources */ = {isa = PBXBuildFile; fileRef = BA4942A823D6466F00C0F5E9 /* DropPinController.swift */; };
		BA4942AD23E5E6C100C0F5E9 /* AddLocationViewController.swift in Sources */ = {isa = PBXBuildFile; fileRef = BA4942AC23E5E6C100C0F5E9 /* AddLocationViewController.swift */; };
		BA6DCD5923EB7DAD009FF0C1 /* AddLinkViewController.swift in Sources */ = {isa = PBXBuildFile; fileRef = BA6DCD5823EB7DAD009FF0C1 /* AddLinkViewController.swift */; };
/* End PBXBuildFile section */

/* Begin PBXFileReference section */
		BA37388823CBAFE100ABB8AD /* onTheMap.app */ = {isa = PBXFileReference; explicitFileType = wrapper.application; includeInIndex = 0; path = onTheMap.app; sourceTree = BUILT_PRODUCTS_DIR; };
		BA37388B23CBAFE100ABB8AD /* AppDelegate.swift */ = {isa = PBXFileReference; lastKnownFileType = sourcecode.swift; path = AppDelegate.swift; sourceTree = "<group>"; };
		BA37388D23CBAFE100ABB8AD /* SceneDelegate.swift */ = {isa = PBXFileReference; lastKnownFileType = sourcecode.swift; path = SceneDelegate.swift; sourceTree = "<group>"; };
		BA37388F23CBAFE100ABB8AD /* LoginViewController.swift */ = {isa = PBXFileReference; lastKnownFileType = sourcecode.swift; path = LoginViewController.swift; sourceTree = "<group>"; };
		BA37389223CBAFE100ABB8AD /* Base */ = {isa = PBXFileReference; lastKnownFileType = file.storyboard; name = Base; path = Base.lproj/Main.storyboard; sourceTree = "<group>"; };
		BA37389423CBAFE200ABB8AD /* Assets.xcassets */ = {isa = PBXFileReference; lastKnownFileType = folder.assetcatalog; path = Assets.xcassets; sourceTree = "<group>"; };
		BA37389723CBAFE200ABB8AD /* Base */ = {isa = PBXFileReference; lastKnownFileType = file.storyboard; name = Base; path = Base.lproj/LaunchScreen.storyboard; sourceTree = "<group>"; };
		BA37389923CBAFE200ABB8AD /* Info.plist */ = {isa = PBXFileReference; lastKnownFileType = text.plist.xml; path = Info.plist; sourceTree = "<group>"; };
		BA3738A823CBB59B00ABB8AD /* OTMClient.swift */ = {isa = PBXFileReference; lastKnownFileType = sourcecode.swift; path = OTMClient.swift; sourceTree = "<group>"; };
		BA3738AA23CD4BA700ABB8AD /* MapViewController.swift */ = {isa = PBXFileReference; lastKnownFileType = sourcecode.swift; path = MapViewController.swift; sourceTree = "<group>"; };
		BA3738AC23CD4BD600ABB8AD /* ListViewController.swift */ = {isa = PBXFileReference; lastKnownFileType = sourcecode.swift; path = ListViewController.swift; sourceTree = "<group>"; };
		BA4942A223CE8F5600C0F5E9 /* StudentLocation.swift */ = {isa = PBXFileReference; lastKnownFileType = sourcecode.swift; path = StudentLocation.swift; sourceTree = "<group>"; };
		BA4942A423CF589600C0F5E9 /* StudentModel.swift */ = {isa = PBXFileReference; lastKnownFileType = sourcecode.swift; path = StudentModel.swift; sourceTree = "<group>"; };
		BA4942A623D52E8D00C0F5E9 /* LoginRequest.swift */ = {isa = PBXFileReference; lastKnownFileType = sourcecode.swift; path = LoginRequest.swift; sourceTree = "<group>"; };
		BA4942A823D6466F00C0F5E9 /* DropPinController.swift */ = {isa = PBXFileReference; lastKnownFileType = sourcecode.swift; path = DropPinController.swift; sourceTree = "<group>"; };
		BA4942AC23E5E6C100C0F5E9 /* AddLocationViewController.swift */ = {isa = PBXFileReference; lastKnownFileType = sourcecode.swift; path = AddLocationViewController.swift; sourceTree = "<group>"; };
		BA6DCD5823EB7DAD009FF0C1 /* AddLinkViewController.swift */ = {isa = PBXFileReference; lastKnownFileType = sourcecode.swift; path = AddLinkViewController.swift; sourceTree = "<group>"; };
/* End PBXFileReference section */

/* Begin PBXFrameworksBuildPhase section */
		BA37388523CBAFE100ABB8AD /* Frameworks */ = {
			isa = PBXFrameworksBuildPhase;
			buildActionMask = 2147483647;
			files = (
			);
			runOnlyForDeploymentPostprocessing = 0;
		};
/* End PBXFrameworksBuildPhase section */

/* Begin PBXGroup section */
		BA37387F23CBAFE100ABB8AD = {
			isa = PBXGroup;
			children = (
				BA37388A23CBAFE100ABB8AD /* onTheMap */,
				BA37388923CBAFE100ABB8AD /* Products */,
			);
			sourceTree = "<group>";
		};
		BA37388923CBAFE100ABB8AD /* Products */ = {
			isa = PBXGroup;
			children = (
				BA37388823CBAFE100ABB8AD /* onTheMap.app */,
			);
			name = Products;
			sourceTree = "<group>";
		};
		BA37388A23CBAFE100ABB8AD /* onTheMap */ = {
			isa = PBXGroup;
			children = (
				BA37388B23CBAFE100ABB8AD /* AppDelegate.swift */,
				BA37388D23CBAFE100ABB8AD /* SceneDelegate.swift */,
				BA3738A123CBB00F00ABB8AD /* Model */,
				BA3738A023CBB00000ABB8AD /* Controller */,
				BA37389F23CBAFF000ABB8AD /* View */,
				BA37389623CBAFE200ABB8AD /* LaunchScreen.storyboard */,
				BA37389923CBAFE200ABB8AD /* Info.plist */,
			);
			path = onTheMap;
			sourceTree = "<group>";
		};
		BA37389F23CBAFF000ABB8AD /* View */ = {
			isa = PBXGroup;
			children = (
				BA37389123CBAFE100ABB8AD /* Main.storyboard */,
				BA37389423CBAFE200ABB8AD /* Assets.xcassets */,
			);
			path = View;
			sourceTree = "<group>";
		};
		BA3738A023CBB00000ABB8AD /* Controller */ = {
			isa = PBXGroup;
			children = (
				BA37388F23CBAFE100ABB8AD /* LoginViewController.swift */,
				BA3738AA23CD4BA700ABB8AD /* MapViewController.swift */,
				BA3738AC23CD4BD600ABB8AD /* ListViewController.swift */,
				BA4942A823D6466F00C0F5E9 /* DropPinController.swift */,
				BA4942AC23E5E6C100C0F5E9 /* AddLocationViewController.swift */,
				BA6DCD5823EB7DAD009FF0C1 /* AddLinkViewController.swift */,
			);
			path = Controller;
			sourceTree = "<group>";
		};
		BA3738A123CBB00F00ABB8AD /* Model */ = {
			isa = PBXGroup;
			children = (
				BA3738A723CBB57700ABB8AD /* Data */,
				BA3738A423CBB51C00ABB8AD /* OnTheMapClient */,
				BA3738A623CBB54D00ABB8AD /* OTMRequest */,
				BA3738A523CBB52900ABB8AD /* OTMResponse */,
			);
			path = Model;
			sourceTree = "<group>";
		};
		BA3738A423CBB51C00ABB8AD /* OnTheMapClient */ = {
			isa = PBXGroup;
			children = (
				BA3738A823CBB59B00ABB8AD /* OTMClient.swift */,
			);
			path = OnTheMapClient;
			sourceTree = "<group>";
		};
		BA3738A523CBB52900ABB8AD /* OTMResponse */ = {
			isa = PBXGroup;
			children = (
				BA4942A223CE8F5600C0F5E9 /* StudentLocation.swift */,
			);
			path = OTMResponse;
			sourceTree = "<group>";
		};
		BA3738A623CBB54D00ABB8AD /* OTMRequest */ = {
			isa = PBXGroup;
			children = (
				BA4942A623D52E8D00C0F5E9 /* LoginRequest.swift */,
			);
			path = OTMRequest;
			sourceTree = "<group>";
		};
		BA3738A723CBB57700ABB8AD /* Data */ = {
			isa = PBXGroup;
			children = (
				BA4942A423CF589600C0F5E9 /* StudentModel.swift */,
			);
			path = Data;
			sourceTree = "<group>";
		};
/* End PBXGroup section */

/* Begin PBXNativeTarget section */
		BA37388723CBAFE100ABB8AD /* onTheMap */ = {
			isa = PBXNativeTarget;
			buildConfigurationList = BA37389C23CBAFE200ABB8AD /* Build configuration list for PBXNativeTarget "onTheMap" */;
			buildPhases = (
				BA37388423CBAFE100ABB8AD /* Sources */,
				BA37388523CBAFE100ABB8AD /* Frameworks */,
				BA37388623CBAFE100ABB8AD /* Resources */,
			);
			buildRules = (
			);
			dependencies = (
			);
			name = onTheMap;
			productName = onTheMap;
			productReference = BA37388823CBAFE100ABB8AD /* onTheMap.app */;
			productType = "com.apple.product-type.application";
		};
/* End PBXNativeTarget section */

/* Begin PBXProject section */
		BA37388023CBAFE100ABB8AD /* Project object */ = {
			isa = PBXProject;
			attributes = {
				LastSwiftUpdateCheck = 1130;
				LastUpgradeCheck = 1130;
				ORGANIZATIONNAME = "Timothy Adamcik";
				TargetAttributes = {
					BA37388723CBAFE100ABB8AD = {
						CreatedOnToolsVersion = 11.3;
					};
				};
			};
			buildConfigurationList = BA37388323CBAFE100ABB8AD /* Build configuration list for PBXProject "onTheMap" */;
			compatibilityVersion = "Xcode 9.3";
			developmentRegion = en;
			hasScannedForEncodings = 0;
			knownRegions = (
				en,
				Base,
			);
			mainGroup = BA37387F23CBAFE100ABB8AD;
			productRefGroup = BA37388923CBAFE100ABB8AD /* Products */;
			projectDirPath = "";
			projectRoot = "";
			targets = (
				BA37388723CBAFE100ABB8AD /* onTheMap */,
			);
		};
/* End PBXProject section */

/* Begin PBXResourcesBuildPhase section */
		BA37388623CBAFE100ABB8AD /* Resources */ = {
			isa = PBXResourcesBuildPhase;
			buildActionMask = 2147483647;
			files = (
				BA37389823CBAFE200ABB8AD /* LaunchScreen.storyboard in Resources */,
				BA37389523CBAFE200ABB8AD /* Assets.xcassets in Resources */,
				BA37389323CBAFE100ABB8AD /* Main.storyboard in Resources */,
			);
			runOnlyForDeploymentPostprocessing = 0;
		};
/* End PBXResourcesBuildPhase section */

/* Begin PBXSourcesBuildPhase section */
		BA37388423CBAFE100ABB8AD /* Sources */ = {
			isa = PBXSourcesBuildPhase;
			buildActionMask = 2147483647;
			files = (
				BA6DCD5923EB7DAD009FF0C1 /* AddLinkViewController.swift in Sources */,
				BA4942A723D52E8D00C0F5E9 /* LoginRequest.swift in Sources */,
				BA37389023CBAFE100ABB8AD /* LoginViewController.swift in Sources */,
				BA3738A923CBB59B00ABB8AD /* OTMClient.swift in Sources */,
				BA4942A323CE8F5600C0F5E9 /* StudentLocation.swift in Sources */,
				BA3738AD23CD4BD600ABB8AD /* ListViewController.swift in Sources */,
				BA37388C23CBAFE100ABB8AD /* AppDelegate.swift in Sources */,
				BA4942A923D6466F00C0F5E9 /* DropPinController.swift in Sources */,
				BA4942A523CF589600C0F5E9 /* StudentModel.swift in Sources */,
				BA4942AD23E5E6C100C0F5E9 /* AddLocationViewController.swift in Sources */,
				BA3738AB23CD4BA700ABB8AD /* MapViewController.swift in Sources */,
				BA37388E23CBAFE100ABB8AD /* SceneDelegate.swift in Sources */,
			);
			runOnlyForDeploymentPostprocessing = 0;
		};
/* End PBXSourcesBuildPhase section */

/* Begin PBXVariantGroup section */
		BA37389123CBAFE100ABB8AD /* Main.storyboard */ = {
			isa = PBXVariantGroup;
			children = (
				BA37389223CBAFE100ABB8AD /* Base */,
			);
			name = Main.storyboard;
			sourceTree = "<group>";
		};
		BA37389623CBAFE200ABB8AD /* LaunchScreen.storyboard */ = {
			isa = PBXVariantGroup;
			children = (
				BA37389723CBAFE200ABB8AD /* Base */,
			);
			name = LaunchScreen.storyboard;
			sourceTree = "<group>";
		};
/* End PBXVariantGroup section */

/* Begin XCBuildConfiguration section */
		BA37389A23CBAFE200ABB8AD /* Debug */ = {
			isa = XCBuildConfiguration;
			buildSettings = {
				ALWAYS_SEARCH_USER_PATHS = NO;
				CLANG_ANALYZER_NONNULL = YES;
				CLANG_ANALYZER_NUMBER_OBJECT_CONVERSION = YES_AGGRESSIVE;
				CLANG_CXX_LANGUAGE_STANDARD = "gnu++14";
				CLANG_CXX_LIBRARY = "libc++";
				CLANG_ENABLE_MODULES = YES;
				CLANG_ENABLE_OBJC_ARC = YES;
				CLANG_ENABLE_OBJC_WEAK = YES;
				CLANG_WARN_BLOCK_CAPTURE_AUTORELEASING = YES;
				CLANG_WARN_BOOL_CONVERSION = YES;
				CLANG_WARN_COMMA = YES;
				CLANG_WARN_CONSTANT_CONVERSION = YES;
				CLANG_WARN_DEPRECATED_OBJC_IMPLEMENTATIONS = YES;
				CLANG_WARN_DIRECT_OBJC_ISA_USAGE = YES_ERROR;
				CLANG_WARN_DOCUMENTATION_COMMENTS = YES;
				CLANG_WARN_EMPTY_BODY = YES;
				CLANG_WARN_ENUM_CONVERSION = YES;
				CLANG_WARN_INFINITE_RECURSION = YES;
				CLANG_WARN_INT_CONVERSION = YES;
				CLANG_WARN_NON_LITERAL_NULL_CONVERSION = YES;
				CLANG_WARN_OBJC_IMPLICIT_RETAIN_SELF = YES;
				CLANG_WARN_OBJC_LITERAL_CONVERSION = YES;
				CLANG_WARN_OBJC_ROOT_CLASS = YES_ERROR;
				CLANG_WARN_RANGE_LOOP_ANALYSIS = YES;
				CLANG_WARN_STRICT_PROTOTYPES = YES;
				CLANG_WARN_SUSPICIOUS_MOVE = YES;
				CLANG_WARN_UNGUARDED_AVAILABILITY = YES_AGGRESSIVE;
				CLANG_WARN_UNREACHABLE_CODE = YES;
				CLANG_WARN__DUPLICATE_METHOD_MATCH = YES;
				COPY_PHASE_STRIP = NO;
				DEBUG_INFORMATION_FORMAT = dwarf;
				ENABLE_STRICT_OBJC_MSGSEND = YES;
				ENABLE_TESTABILITY = YES;
				GCC_C_LANGUAGE_STANDARD = gnu11;
				GCC_DYNAMIC_NO_PIC = NO;
				GCC_NO_COMMON_BLOCKS = YES;
				GCC_OPTIMIZATION_LEVEL = 0;
				GCC_PREPROCESSOR_DEFINITIONS = (
					"DEBUG=1",
					"$(inherited)",
				);
				GCC_WARN_64_TO_32_BIT_CONVERSION = YES;
				GCC_WARN_ABOUT_RETURN_TYPE = YES_ERROR;
				GCC_WARN_UNDECLARED_SELECTOR = YES;
				GCC_WARN_UNINITIALIZED_AUTOS = YES_AGGRESSIVE;
				GCC_WARN_UNUSED_FUNCTION = YES;
				GCC_WARN_UNUSED_VARIABLE = YES;
				IPHONEOS_DEPLOYMENT_TARGET = 13.2;
				MTL_ENABLE_DEBUG_INFO = INCLUDE_SOURCE;
				MTL_FAST_MATH = YES;
				ONLY_ACTIVE_ARCH = YES;
				SDKROOT = iphoneos;
				SWIFT_ACTIVE_COMPILATION_CONDITIONS = DEBUG;
				SWIFT_OPTIMIZATION_LEVEL = "-Onone";
			};
			name = Debug;
		};
		BA37389B23CBAFE200ABB8AD /* Release */ = {
			isa = XCBuildConfiguration;
			buildSettings = {
				ALWAYS_SEARCH_USER_PATHS = NO;
				CLANG_ANALYZER_NONNULL = YES;
				CLANG_ANALYZER_NUMBER_OBJECT_CONVERSION = YES_AGGRESSIVE;
				CLANG_CXX_LANGUAGE_STANDARD = "gnu++14";
				CLANG_CXX_LIBRARY = "libc++";
				CLANG_ENABLE_MODULES = YES;
				CLANG_ENABLE_OBJC_ARC = YES;
				CLANG_ENABLE_OBJC_WEAK = YES;
				CLANG_WARN_BLOCK_CAPTURE_AUTORELEASING = YES;
				CLANG_WARN_BOOL_CONVERSION = YES;
				CLANG_WARN_COMMA = YES;
				CLANG_WARN_CONSTANT_CONVERSION = YES;
				CLANG_WARN_DEPRECATED_OBJC_IMPLEMENTATIONS = YES;
				CLANG_WARN_DIRECT_OBJC_ISA_USAGE = YES_ERROR;
				CLANG_WARN_DOCUMENTATION_COMMENTS = YES;
				CLANG_WARN_EMPTY_BODY = YES;
				CLANG_WARN_ENUM_CONVERSION = YES;
				CLANG_WARN_INFINITE_RECURSION = YES;
				CLANG_WARN_INT_CONVERSION = YES;
				CLANG_WARN_NON_LITERAL_NULL_CONVERSION = YES;
				CLANG_WARN_OBJC_IMPLICIT_RETAIN_SELF = YES;
				CLANG_WARN_OBJC_LITERAL_CONVERSION = YES;
				CLANG_WARN_OBJC_ROOT_CLASS = YES_ERROR;
				CLANG_WARN_RANGE_LOOP_ANALYSIS = YES;
				CLANG_WARN_STRICT_PROTOTYPES = YES;
				CLANG_WARN_SUSPICIOUS_MOVE = YES;
				CLANG_WARN_UNGUARDED_AVAILABILITY = YES_AGGRESSIVE;
				CLANG_WARN_UNREACHABLE_CODE = YES;
				CLANG_WARN__DUPLICATE_METHOD_MATCH = YES;
				COPY_PHASE_STRIP = NO;
				DEBUG_INFORMATION_FORMAT = "dwarf-with-dsym";
				ENABLE_NS_ASSERTIONS = NO;
				ENABLE_STRICT_OBJC_MSGSEND = YES;
				GCC_C_LANGUAGE_STANDARD = gnu11;
				GCC_NO_COMMON_BLOCKS = YES;
				GCC_WARN_64_TO_32_BIT_CONVERSION = YES;
				GCC_WARN_ABOUT_RETURN_TYPE = YES_ERROR;
				GCC_WARN_UNDECLARED_SELECTOR = YES;
				GCC_WARN_UNINITIALIZED_AUTOS = YES_AGGRESSIVE;
				GCC_WARN_UNUSED_FUNCTION = YES;
				GCC_WARN_UNUSED_VARIABLE = YES;
				IPHONEOS_DEPLOYMENT_TARGET = 13.2;
				MTL_ENABLE_DEBUG_INFO = NO;
				MTL_FAST_MATH = YES;
				SDKROOT = iphoneos;
				SWIFT_COMPILATION_MODE = wholemodule;
				SWIFT_OPTIMIZATION_LEVEL = "-O";
				VALIDATE_PRODUCT = YES;
			};
			name = Release;
		};
		BA37389D23CBAFE200ABB8AD /* Debug */ = {
			isa = XCBuildConfiguration;
			buildSettings = {
				ASSETCATALOG_COMPILER_APPICON_NAME = AppIcon;
				CODE_SIGN_STYLE = Automatic;
				INFOPLIST_FILE = onTheMap/Info.plist;
				LD_RUNPATH_SEARCH_PATHS = (
					"$(inherited)",
					"@executable_path/Frameworks",
				);
				PRODUCT_BUNDLE_IDENTIFIER = com.ta.onTheMap;
				PRODUCT_NAME = "$(TARGET_NAME)";
				SWIFT_VERSION = 5.0;
				TARGETED_DEVICE_FAMILY = "1,2";
			};
			name = Debug;
		};
		BA37389E23CBAFE200ABB8AD /* Release */ = {
			isa = XCBuildConfiguration;
			buildSettings = {
				ASSETCATALOG_COMPILER_APPICON_NAME = AppIcon;
				CODE_SIGN_STYLE = Automatic;
				INFOPLIST_FILE = onTheMap/Info.plist;
				LD_RUNPATH_SEARCH_PATHS = (
					"$(inherited)",
					"@executable_path/Frameworks",
				);
				PRODUCT_BUNDLE_IDENTIFIER = com.ta.onTheMap;
				PRODUCT_NAME = "$(TARGET_NAME)";
				SWIFT_VERSION = 5.0;
				TARGETED_DEVICE_FAMILY = "1,2";
			};
			name = Release;
		};
/* End XCBuildConfiguration section */

/* Begin XCConfigurationList section */
		BA37388323CBAFE100ABB8AD /* Build configuration list for PBXProject "onTheMap" */ = {
			isa = XCConfigurationList;
			buildConfigurations = (
				BA37389A23CBAFE200ABB8AD /* Debug */,
				BA37389B23CBAFE200ABB8AD /* Release */,
			);
			defaultConfigurationIsVisible = 0;
			defaultConfigurationName = Release;
		};
		BA37389C23CBAFE200ABB8AD /* Build configuration list for PBXNativeTarget "onTheMap" */ = {
			isa = XCConfigurationList;
			buildConfigurations = (
				BA37389D23CBAFE200ABB8AD /* Debug */,
				BA37389E23CBAFE200ABB8AD /* Release */,
			);
			defaultConfigurationIsVisible = 0;
			defaultConfigurationName = Release;
		};
/* End XCConfigurationList section */
	};
	rootObject = BA37388023CBAFE100ABB8AD /* Project object */;
}
